
Microsoft Visual Studio Solution File, Format Version 12.00
# Visual Studio Version 16
VisualStudioVersion = 16.0.30524.135
MinimumVisualStudioVersion = 10.0.40219.1
Project("{8BC9CEB8-8B4A-11D0-8D11-00A0C91BC942}") = "boost.optional", "OptionalNamedModule\OptionalNamedModule.vcxproj", "{9D54E137-FB3B-41B5-AC35-94EAD5D5BC53}"
EndProject
Project("{8BC9CEB8-8B4A-11D0-8D11-00A0C91BC942}") = "optional.hpp", "OptionalHeaderModule\OptionalHeaderModule.vcxproj", "{1F9DEFBF-27B9-4406-A8EF-214DB034EF52}"
EndProject
Project("{8BC9CEB8-8B4A-11D0-8D11-00A0C91BC942}") = "TestHeaderModule", "TestHeaderModule\TestHeaderModule.vcxproj", "{65B8E955-E872-4EDE-A75D-97AAE81C2BC5}"
EndProject
Project("{8BC9CEB8-8B4A-11D0-8D11-00A0C91BC942}") = "TestNamedModule", "TestNamedModule\TestNamedModule.vcxproj", "{100243B5-4F76-4FC5-A8A4-05E30999EB67}"
EndProject
Project("{8BC9CEB8-8B4A-11D0-8D11-00A0C91BC942}") = "TestHeader", "TestHeader\TestHeader.vcxproj", "{100243B5-4F76-4FC5-A8A4-05E30988EB67}"
EndProject
Global
	GlobalSection(SolutionConfigurationPlatforms) = preSolution
		Debug|x64 = Debug|x64
		Release|x64 = Release|x64
	EndGlobalSection
	GlobalSection(ProjectConfigurationPlatforms) = postSolution
		{9D54E137-FB3B-41B5-AC35-94EAD5D5BC53}.Debug|x64.ActiveCfg = Debug|x64
		{9D54E137-FB3B-41B5-AC35-94EAD5D5BC53}.Debug|x64.Build.0 = Debug|x64
		{9D54E137-FB3B-41B5-AC35-94EAD5D5BC53}.Release|x64.ActiveCfg = Release|x64
		{9D54E137-FB3B-41B5-AC35-94EAD5D5BC53}.Release|x64.Build.0 = Release|x64
		{1F9DEFBF-27B9-4406-A8EF-214DB034EF52}.Debug|x64.ActiveCfg = Debug|x64
		{1F9DEFBF-27B9-4406-A8EF-214DB034EF52}.Debug|x64.Build.0 = Debug|x64
		{1F9DEFBF-27B9-4406-A8EF-214DB034EF52}.Release|x64.ActiveCfg = Release|x64
		{1F9DEFBF-27B9-4406-A8EF-214DB034EF52}.Release|x64.Build.0 = Release|x64
		{65B8E955-E872-4EDE-A75D-97AAE81C2BC5}.Debug|x64.ActiveCfg = Debug|x64
		{65B8E955-E872-4EDE-A75D-97AAE81C2BC5}.Debug|x64.Build.0 = Debug|x64
		{65B8E955-E872-4EDE-A75D-97AAE81C2BC5}.Release|x64.ActiveCfg = Release|x64
		{65B8E955-E872-4EDE-A75D-97AAE81C2BC5}.Release|x64.Build.0 = Release|x64
		{100243B5-4F76-4FC5-A8A4-05E30999EB67}.Debug|x64.ActiveCfg = Debug|x64
		{100243B5-4F76-4FC5-A8A4-05E30999EB67}.Debug|x64.Build.0 = Debug|x64
		{100243B5-4F76-4FC5-A8A4-05E30999EB67}.Release|x64.ActiveCfg = Release|x64
		{100243B5-4F76-4FC5-A8A4-05E30999EB67}.Release|x64.Build.0 = Release|x64
		{100243B5-4F76-4FC5-A8A4-05E30988EB67}.Debug|x64.ActiveCfg = Debug|x64
		{100243B5-4F76-4FC5-A8A4-05E30988EB67}.Debug|x64.Build.0 = Debug|x64
		{100243B5-4F76-4FC5-A8A4-05E30988EB67}.Release|x64.ActiveCfg = Release|x64
		{100243B5-4F76-4FC5-A8A4-05E30988EB67}.Release|x64.Build.0 = Release|x64
	EndGlobalSection
	GlobalSection(SolutionProperties) = preSolution
		HideSolutionNode = FALSE
	EndGlobalSection
	GlobalSection(ExtensibilityGlobals) = postSolution
		SolutionGuid = {17B7025B-A78D-4007-A356-75FE7F05E093}
	EndGlobalSection
EndGlobal
